
Microsoft Visual Studio Solution File, Format Version 12.00
# Visual Studio Version 16
VisualStudioVersion = 16.0.30011.22
MinimumVisualStudioVersion = 10.0.40219.1
Project("{9A19103F-16F7-4668-BE54-9A1E7A4F7556}") = "HQQWebhook", "HQQWebhook\HQQWebhook.csproj", "{F904B35D-E67A-4613-9E3A-6B0C3499D78B}"
EndProject
Project("{9A19103F-16F7-4668-BE54-9A1E7A4F7556}") = "HQQLibrary", "HQQLibrary\HQQLibrary.csproj", "{66F2B6D5-30B2-474F-8F48-0C1FAEE58F0A}"
EndProject
Project("{9A19103F-16F7-4668-BE54-9A1E7A4F7556}") = "HQQUnitTest", "HQQUnitTest\HQQUnitTest.csproj", "{AD3EDAE9-2DB4-46F4-B3D6-381471D95D4F}"
EndProject
Project("{9A19103F-16F7-4668-BE54-9A1E7A4F7556}") = "HQQLibrary.Model", "HQQLibrary.Model\HQQLibrary.Model.csproj", "{DE7AA091-A8B5-4026-8CC8-C228843FB41D}"
EndProject
Project("{9A19103F-16F7-4668-BE54-9A1E7A4F7556}") = "HQQMScheduler", "HQQMScheduler\HQQMScheduler.csproj", "{6E7FBDF5-4990-4CD4-A5CB-0EE640767B5E}"
EndProject
Project("{FAE04EC0-301F-11D3-BF4B-00C04F79EFBC}") = "HQQWebReport", "HQQWebReport\HQQWebReport.csproj", "{DDF0CC99-5DB5-4307-933F-B733F1548F46}"
EndProject
Global
	GlobalSection(SolutionConfigurationPlatforms) = preSolution
		Debug|Any CPU = Debug|Any CPU
		Release|Any CPU = Release|Any CPU
	EndGlobalSection
	GlobalSection(ProjectConfigurationPlatforms) = postSolution
		{F904B35D-E67A-4613-9E3A-6B0C3499D78B}.Debug|Any CPU.ActiveCfg = Debug|Any CPU
		{F904B35D-E67A-4613-9E3A-6B0C3499D78B}.Debug|Any CPU.Build.0 = Debug|Any CPU
		{F904B35D-E67A-4613-9E3A-6B0C3499D78B}.Release|Any CPU.ActiveCfg = Release|Any CPU
		{F904B35D-E67A-4613-9E3A-6B0C3499D78B}.Release|Any CPU.Build.0 = Release|Any CPU
		{66F2B6D5-30B2-474F-8F48-0C1FAEE58F0A}.Debug|Any CPU.ActiveCfg = Debug|Any CPU
		{66F2B6D5-30B2-474F-8F48-0C1FAEE58F0A}.Debug|Any CPU.Build.0 = Debug|Any CPU
		{66F2B6D5-30B2-474F-8F48-0C1FAEE58F0A}.Release|Any CPU.ActiveCfg = Release|Any CPU
		{66F2B6D5-30B2-474F-8F48-0C1FAEE58F0A}.Release|Any CPU.Build.0 = Release|Any CPU
		{AD3EDAE9-2DB4-46F4-B3D6-381471D95D4F}.Debug|Any CPU.ActiveCfg = Debug|Any CPU
		{AD3EDAE9-2DB4-46F4-B3D6-381471D95D4F}.Debug|Any CPU.Build.0 = Debug|Any CPU
		{AD3EDAE9-2DB4-46F4-B3D6-381471D95D4F}.Release|Any CPU.ActiveCfg = Release|Any CPU
		{AD3EDAE9-2DB4-46F4-B3D6-381471D95D4F}.Release|Any CPU.Build.0 = Release|Any CPU
		{DE7AA091-A8B5-4026-8CC8-C228843FB41D}.Debug|Any CPU.ActiveCfg = Debug|Any CPU
		{DE7AA091-A8B5-4026-8CC8-C228843FB41D}.Debug|Any CPU.Build.0 = Debug|Any CPU
		{DE7AA091-A8B5-4026-8CC8-C228843FB41D}.Release|Any CPU.ActiveCfg = Release|Any CPU
		{DE7AA091-A8B5-4026-8CC8-C228843FB41D}.Release|Any CPU.Build.0 = Release|Any CPU
		{6E7FBDF5-4990-4CD4-A5CB-0EE640767B5E}.Debug|Any CPU.ActiveCfg = Debug|Any CPU
		{6E7FBDF5-4990-4CD4-A5CB-0EE640767B5E}.Debug|Any CPU.Build.0 = Debug|Any CPU
		{6E7FBDF5-4990-4CD4-A5CB-0EE640767B5E}.Release|Any CPU.ActiveCfg = Release|Any CPU
		{6E7FBDF5-4990-4CD4-A5CB-0EE640767B5E}.Release|Any CPU.Build.0 = Release|Any CPU
		{DDF0CC99-5DB5-4307-933F-B733F1548F46}.Debug|Any CPU.ActiveCfg = Debug|Any CPU
		{DDF0CC99-5DB5-4307-933F-B733F1548F46}.Debug|Any CPU.Build.0 = Debug|Any CPU
		{DDF0CC99-5DB5-4307-933F-B733F1548F46}.Release|Any CPU.ActiveCfg = Release|Any CPU
		{DDF0CC99-5DB5-4307-933F-B733F1548F46}.Release|Any CPU.Build.0 = Release|Any CPU
	EndGlobalSection
	GlobalSection(SolutionProperties) = preSolution
		HideSolutionNode = FALSE
	EndGlobalSection
	GlobalSection(ExtensibilityGlobals) = postSolution
		SolutionGuid = {0562A0FD-57D8-4F26-9DD0-8E4AA7E85887}
	EndGlobalSection
EndGlobal
