
Microsoft Visual Studio Solution File, Format Version 12.00
# Visual Studio 15
VisualStudioVersion = 15.0.27703.2026
MinimumVisualStudioVersion = 10.0.40219.1
Project("{9A19103F-16F7-4668-BE54-9A1E7A4F7556}") = "HQQWebhook", "HQQWebhook\HQQWebhook.csproj", "{F904B35D-E67A-4613-9E3A-6B0C3499D78B}"
EndProject
Global
	GlobalSection(SolutionConfigurationPlatforms) = preSolution
		Debug|Any CPU = Debug|Any CPU
		Release|Any CPU = Release|Any CPU
	EndGlobalSection
	GlobalSection(ProjectConfigurationPlatforms) = postSolution
		{F904B35D-E67A-4613-9E3A-6B0C3499D78B}.Debug|Any CPU.ActiveCfg = Debug|Any CPU
		{F904B35D-E67A-4613-9E3A-6B0C3499D78B}.Debug|Any CPU.Build.0 = Debug|Any CPU
		{F904B35D-E67A-4613-9E3A-6B0C3499D78B}.Release|Any CPU.ActiveCfg = Release|Any CPU
		{F904B35D-E67A-4613-9E3A-6B0C3499D78B}.Release|Any CPU.Build.0 = Release|Any CPU
	EndGlobalSection
	GlobalSection(SolutionProperties) = preSolution
		HideSolutionNode = FALSE
	EndGlobalSection
	GlobalSection(ExtensibilityGlobals) = postSolution
		SolutionGuid = {0562A0FD-57D8-4F26-9DD0-8E4AA7E85887}
	EndGlobalSection
EndGlobal
