
Microsoft Visual Studio Solution File, Format Version 12.00
# Visual Studio Version 16
VisualStudioVersion = 16.0.30011.22
MinimumVisualStudioVersion = 10.0.40219.1
Project("{9A19103F-16F7-4668-BE54-9A1E7A4F7556}") = "HQQWebhook", "HQQWebhook\HQQWebhook.csproj", "{F904B35D-E67A-4613-9E3A-6B0C3499D78B}"
EndProject
Project("{FAE04EC0-301F-11D3-BF4B-00C04F79EFBC}") = "HQQLibrary", "HQQLibrary\HQQLibrary.csproj", "{66F2B6D5-30B2-474F-8F48-0C1FAEE58F0A}"
EndProject
Project("{FAE04EC0-301F-11D3-BF4B-00C04F79EFBC}") = "HQQUnitTest", "HQQUnitTest\HQQUnitTest.csproj", "{AD3EDAE9-2DB4-46F4-B3D6-381471D95D4F}"
EndProject
Global
	GlobalSection(SolutionConfigurationPlatforms) = preSolution
		Debug|Any CPU = Debug|Any CPU
		Release|Any CPU = Release|Any CPU
	EndGlobalSection
	GlobalSection(ProjectConfigurationPlatforms) = postSolution
		{F904B35D-E67A-4613-9E3A-6B0C3499D78B}.Debug|Any CPU.ActiveCfg = Debug|Any CPU
		{F904B35D-E67A-4613-9E3A-6B0C3499D78B}.Debug|Any CPU.Build.0 = Debug|Any CPU
		{F904B35D-E67A-4613-9E3A-6B0C3499D78B}.Release|Any CPU.ActiveCfg = Release|Any CPU
		{F904B35D-E67A-4613-9E3A-6B0C3499D78B}.Release|Any CPU.Build.0 = Release|Any CPU
		{66F2B6D5-30B2-474F-8F48-0C1FAEE58F0A}.Debug|Any CPU.ActiveCfg = Debug|Any CPU
		{66F2B6D5-30B2-474F-8F48-0C1FAEE58F0A}.Debug|Any CPU.Build.0 = Debug|Any CPU
		{66F2B6D5-30B2-474F-8F48-0C1FAEE58F0A}.Release|Any CPU.ActiveCfg = Release|Any CPU
		{66F2B6D5-30B2-474F-8F48-0C1FAEE58F0A}.Release|Any CPU.Build.0 = Release|Any CPU
		{AD3EDAE9-2DB4-46F4-B3D6-381471D95D4F}.Debug|Any CPU.ActiveCfg = Debug|Any CPU
		{AD3EDAE9-2DB4-46F4-B3D6-381471D95D4F}.Debug|Any CPU.Build.0 = Debug|Any CPU
		{AD3EDAE9-2DB4-46F4-B3D6-381471D95D4F}.Release|Any CPU.ActiveCfg = Release|Any CPU
		{AD3EDAE9-2DB4-46F4-B3D6-381471D95D4F}.Release|Any CPU.Build.0 = Release|Any CPU
	EndGlobalSection
	GlobalSection(SolutionProperties) = preSolution
		HideSolutionNode = FALSE
	EndGlobalSection
	GlobalSection(ExtensibilityGlobals) = postSolution
		SolutionGuid = {0562A0FD-57D8-4F26-9DD0-8E4AA7E85887}
	EndGlobalSection
EndGlobal
